<?xml version="1.0" encoding="UTF-8" standalone="yes" ?>
<CodeBlocks_project_file>
	<FileVersion major="1" minor="6" />
	<Project>
		<Option title="mase_bc2" />
		<Option pch_mode="2" />
		<Option compiler="gcc" />
		<Option virtualFolders="Header Files/;Header Files/network/;Source Files/;Header Files/framework/;Header Files/network/;Header Files/framework/;Source Files/framework/;Header Files/framework/;Source Files/;Header Files/network/http/;Header Files/network/Socket/;Source Files/;Source Files/;Source Files/network/;Source Files/network/http/;Source Files/network/Socket/;" />
		<Build>
			<Target title="Debug">
				<Option output="bin/Debug/mase_bc2" prefix_auto="1" extension_auto="1" />
				<Option object_output="obj/Debug/" />
				<Option type="1" />
				<Option compiler="gcc" />
				<Compiler>
					<Add option="-g" />
				</Compiler>
			</Target>
			<Target title="Release">
				<Option output="bin/Release/mase_bc2" prefix_auto="1" extension_auto="1" />
				<Option object_output="obj/Release/" />
				<Option type="1" />
				<Option compiler="gcc" />
				<Compiler>
					<Add option="-O2" />
				</Compiler>
				<Linker>
					<Add option="-s" />
				</Linker>
			</Target>
		</Build>
		<Compiler>
			<Add option="-std=gnu++11" />
			<Add directory="$(BOOST_1_54_DIR)" />
			<Add directory="$(OPEN_SSL_DIR)include" />
			<Add directory="./source" />
		</Compiler>
		<Linker>
			<Add option="-lpthread" />
			<Add library="libboost_system.a" />
			<Add library="libboost_filesystem.a" />
			<Add library="libboost_random.a" />
			<Add library="libssl.a" />
			<Add library="libcrypto.a" />
			<Add directory="$(OPEN_SSL_DIR)lib" />
			<Add directory="$(BOOST_1_54_DIR)lib" />
		</Linker>
		<Unit filename="main.cpp">
			<Option virtualFolder="Source Files/" />
		</Unit>
		<Unit filename="source/Base64.cpp">
			<Option virtualFolder="Source Files/network/" />
		</Unit>
		<Unit filename="source/Base64.h">
			<Option virtualFolder="Header Files/network/" />
		</Unit>
		<Unit filename="source/framework/Config.cpp">
			<Option virtualFolder="Source Files/framework/" />
		</Unit>
		<Unit filename="source/framework/Config.h">
			<Option virtualFolder="Header Files/framework/" />
		</Unit>
		<Unit filename="source/framework/Database.cpp">
			<Option virtualFolder="Source Files/framework/" />
		</Unit>
		<Unit filename="source/framework/Database.h">
			<Option virtualFolder="Header Files/framework/" />
		</Unit>
		<Unit filename="source/framework/Framework.cpp">
			<Option virtualFolder="Source Files/framework/" />
		</Unit>
		<Unit filename="source/framework/Framework.h">
			<Option virtualFolder="Header Files/framework/" />
		</Unit>
		<Unit filename="source/framework/GameClient.cpp">
			<Option virtualFolder="Source Files/framework/" />
		</Unit>
		<Unit filename="source/framework/GameClient.h">
			<Option virtualFolder="Header Files/framework/" />
		</Unit>
		<Unit filename="source/framework/GameServer.cpp">
			<Option virtualFolder="Source Files/framework/" />
		</Unit>
		<Unit filename="source/framework/GameServer.h">
			<Option virtualFolder="Header Files/framework/" />
		</Unit>
		<Unit filename="source/framework/Logger.cpp">
			<Option virtualFolder="Source Files/framework/" />
		</Unit>
		<Unit filename="source/framework/Logger.h">
			<Option virtualFolder="Header Files/framework/" />
		</Unit>
		<Unit filename="source/framework/Stats.cpp">
			<Option virtualFolder="Source Files/framework/" />
		</Unit>
		<Unit filename="source/framework/Stats.h">
			<Option virtualFolder="Header Files/framework/" />
		</Unit>
		<Unit filename="source/network/http/HttpConnection.cpp">
			<Option virtualFolder="Source Files/network/http/" />
		</Unit>
		<Unit filename="source/network/http/HttpConnection.h">
			<Option virtualFolder="Header Files/network/http/" />
		</Unit>
		<Unit filename="source/network/http/Reply.cpp">
			<Option virtualFolder="Source Files/network/http/" />
		</Unit>
		<Unit filename="source/network/http/Reply.h">
			<Option virtualFolder="Header Files/network/http/" />
		</Unit>
		<Unit filename="source/network/http/RequestHandler.cpp">
			<Option virtualFolder="Source Files/network/http/" />
		</Unit>
		<Unit filename="source/network/http/RequestHandler.h">
			<Option virtualFolder="Header Files/network/http/" />
		</Unit>
		<Unit filename="source/network/http/RequestParser.cpp">
			<Option virtualFolder="Source Files/network/http/" />
		</Unit>
		<Unit filename="source/network/http/RequestParser.h">
			<Option virtualFolder="Header Files/network/http/" />
		</Unit>
		<Unit filename="source/network/HttpServer.cpp">
			<Option virtualFolder="Source Files/network/Socket/" />
		</Unit>
		<Unit filename="source/network/HttpServer.h">
			<Option virtualFolder="Header Files/network/Socket/" />
		</Unit>
		<Unit filename="source/network/Packet.cpp">
			<Option virtualFolder="Source Files/network/" />
		</Unit>
		<Unit filename="source/network/Packet.h">
			<Option virtualFolder="Header Files/network/" />
		</Unit>
		<Unit filename="source/network/TcpConnection.cpp">
			<Option virtualFolder="Source Files/network/Socket/" />
		</Unit>
		<Unit filename="source/network/TcpConnection.h">
			<Option virtualFolder="Header Files/network/Socket/" />
		</Unit>
		<Unit filename="source/network/TcpConnectionSSL.cpp">
			<Option virtualFolder="Source Files/network/Socket/" />
		</Unit>
		<Unit filename="source/network/TcpConnectionSSL.h">
			<Option virtualFolder="Header Files/network/Socket/" />
		</Unit>
		<Unit filename="source/network/TcpServer.cpp">
			<Option virtualFolder="Source Files/network/Socket/" />
		</Unit>
		<Unit filename="source/network/TcpServer.h">
			<Option virtualFolder="Header Files/network/Socket/" />
		</Unit>
		<Unit filename="source/network/UdpServer.cpp">
			<Option virtualFolder="Source Files/network/Socket/" />
		</Unit>
		<Unit filename="source/network/UdpServer.h">
			<Option virtualFolder="Header Files/network/Socket/" />
		</Unit>
		<Unit filename="source/SSL_cert.h">
			<Option virtualFolder="Header Files/network/" />
		</Unit>
		<Unit filename="source/main.h">
			<Option virtualFolder="Header Files/" />
		</Unit>
		<Extensions>
			<code_completion />
			<debugger />
		</Extensions>
	</Project>
</CodeBlocks_project_file>
